{
  "name": "-ajs_16-ajs-homeworks-platforms-node",
  "version": "1.0.0",
  "lockfileVersion": 1,
  "requires": true,
  "dependencies": {
    "@allakru/ajs_16-ajs-homeworks-platforms": {
      "version": "2.0.0",
      "resolved": "https://npm.pkg.github.com/download/@allakru/ajs_16-ajs-homeworks-platforms/2.0.0/657132f85dbe7c7564be77612a259ecde03ffd29e4fc02991716b6bbe098c126",
      "integrity": "sha512-9Q16Fk7WgHjr3DOJMOoUmgzBhKnf++3dVOFAYdylZgW255XRJJ3tdlKmVXRtdC4TibBlfGmCa8Eoc5WrUzyDHg=="
    }
  }
}
